
Microsoft Visual Studio Solution File, Format Version 12.00
# Visual Studio Version 16
VisualStudioVersion = 16.0.30611.23
MinimumVisualStudioVersion = 10.0.40219.1
Project("{FAE04EC0-301F-11D3-BF4B-00C04F79EFBC}") = "Chat_server", "Chat_server.csproj", "{4C5E5FAB-0E97-42E9-9CC6-9E6D7C65E427}"
EndProject
Global
	GlobalSection(SolutionConfigurationPlatforms) = preSolution
		Debug|Any CPU = Debug|Any CPU
		Release|Any CPU = Release|Any CPU
	EndGlobalSection
	GlobalSection(ProjectConfigurationPlatforms) = postSolution
		{4C5E5FAB-0E97-42E9-9CC6-9E6D7C65E427}.Debug|Any CPU.ActiveCfg = Debug|Any CPU
		{4C5E5FAB-0E97-42E9-9CC6-9E6D7C65E427}.Debug|Any CPU.Build.0 = Debug|Any CPU
		{4C5E5FAB-0E97-42E9-9CC6-9E6D7C65E427}.Release|Any CPU.ActiveCfg = Release|Any CPU
		{4C5E5FAB-0E97-42E9-9CC6-9E6D7C65E427}.Release|Any CPU.Build.0 = Release|Any CPU
	EndGlobalSection
	GlobalSection(SolutionProperties) = preSolution
		HideSolutionNode = FALSE
	EndGlobalSection
	GlobalSection(ExtensibilityGlobals) = postSolution
		SolutionGuid = {491DF89E-D6E6-4033-8ACD-776789A0C4CB}
	EndGlobalSection
EndGlobal
